// !$*UTF8*$!
{
	archiveVersion = 1;
	classes = {
	};
	objectVersion = 50;
	objects = {

/* Begin PBXBuildFile section */
		BB574CA42579140F00945580 /* AppDelegate.swift in Sources */ = {isa = PBXBuildFile; fileRef = BB574CA32579140F00945580 /* AppDelegate.swift */; };
		BB574CA62579140F00945580 /* SceneDelegate.swift in Sources */ = {isa = PBXBuildFile; fileRef = BB574CA52579140F00945580 /* SceneDelegate.swift */; };
		BB574CA82579140F00945580 /* ViewController.swift in Sources */ = {isa = PBXBuildFile; fileRef = BB574CA72579140F00945580 /* ViewController.swift */; };
		BB574CAB2579140F00945580 /* Main.storyboard in Resources */ = {isa = PBXBuildFile; fileRef = BB574CA92579140F00945580 /* Main.storyboard */; };
		BB574CAD2579141000945580 /* Assets.xcassets in Resources */ = {isa = PBXBuildFile; fileRef = BB574CAC2579141000945580 /* Assets.xcassets */; };
		BB574CB02579141000945580 /* LaunchScreen.storyboard in Resources */ = {isa = PBXBuildFile; fileRef = BB574CAE2579141000945580 /* LaunchScreen.storyboard */; };
		BB574CBB2579141000945580 /* TableViewTests.swift in Sources */ = {isa = PBXBuildFile; fileRef = BB574CBA2579141000945580 /* TableViewTests.swift */; };
		BB574CC62579141000945580 /* TableViewUITests.swift in Sources */ = {isa = PBXBuildFile; fileRef = BB574CC52579141000945580 /* TableViewUITests.swift */; };
		BB574CD72579162F00945580 /* TableCell.swift in Sources */ = {isa = PBXBuildFile; fileRef = BB574CD62579162F00945580 /* TableCell.swift */; };
/* End PBXBuildFile section */

/* Begin PBXContainerItemProxy section */
		BB574CB72579141000945580 /* PBXContainerItemProxy */ = {
			isa = PBXContainerItemProxy;
			containerPortal = BB574C982579140F00945580 /* Project object */;
			proxyType = 1;
			remoteGlobalIDString = BB574C9F2579140F00945580;
			remoteInfo = TableView;
		};
		BB574CC22579141000945580 /* PBXContainerItemProxy */ = {
			isa = PBXContainerItemProxy;
			containerPortal = BB574C982579140F00945580 /* Project object */;
			proxyType = 1;
			remoteGlobalIDString = BB574C9F2579140F00945580;
			remoteInfo = TableView;
		};
/* End PBXContainerItemProxy section */

/* Begin PBXFileReference section */
		BB574CA02579140F00945580 /* TableView.app */ = {isa = PBXFileReference; explicitFileType = wrapper.application; includeInIndex = 0; path = TableView.app; sourceTree = BUILT_PRODUCTS_DIR; };
		BB574CA32579140F00945580 /* AppDelegate.swift */ = {isa = PBXFileReference; lastKnownFileType = sourcecode.swift; path = AppDelegate.swift; sourceTree = "<group>"; };
		BB574CA52579140F00945580 /* SceneDelegate.swift */ = {isa = PBXFileReference; lastKnownFileType = sourcecode.swift; path = SceneDelegate.swift; sourceTree = "<group>"; };
		BB574CA72579140F00945580 /* ViewController.swift */ = {isa = PBXFileReference; lastKnownFileType = sourcecode.swift; path = ViewController.swift; sourceTree = "<group>"; };
		BB574CAA2579140F00945580 /* Base */ = {isa = PBXFileReference; lastKnownFileType = file.storyboard; name = Base; path = Base.lproj/Main.storyboard; sourceTree = "<group>"; };
		BB574CAC2579141000945580 /* Assets.xcassets */ = {isa = PBXFileReference; lastKnownFileType = folder.assetcatalog; path = Assets.xcassets; sourceTree = "<group>"; };
		BB574CAF2579141000945580 /* Base */ = {isa = PBXFileReference; lastKnownFileType = file.storyboard; name = Base; path = Base.lproj/LaunchScreen.storyboard; sourceTree = "<group>"; };
		BB574CB12579141000945580 /* Info.plist */ = {isa = PBXFileReference; lastKnownFileType = text.plist.xml; path = Info.plist; sourceTree = "<group>"; };
		BB574CB62579141000945580 /* TableViewTests.xctest */ = {isa = PBXFileReference; explicitFileType = wrapper.cfbundle; includeInIndex = 0; path = TableViewTests.xctest; sourceTree = BUILT_PRODUCTS_DIR; };
		BB574CBA2579141000945580 /* TableViewTests.swift */ = {isa = PBXFileReference; lastKnownFileType = sourcecode.swift; path = TableViewTests.swift; sourceTree = "<group>"; };
		BB574CBC2579141000945580 /* Info.plist */ = {isa = PBXFileReference; lastKnownFileType = text.plist.xml; path = Info.plist; sourceTree = "<group>"; };
		BB574CC12579141000945580 /* TableViewUITests.xctest */ = {isa = PBXFileReference; explicitFileType = wrapper.cfbundle; includeInIndex = 0; path = TableViewUITests.xctest; sourceTree = BUILT_PRODUCTS_DIR; };
		BB574CC52579141000945580 /* TableViewUITests.swift */ = {isa = PBXFileReference; lastKnownFileType = sourcecode.swift; path = TableViewUITests.swift; sourceTree = "<group>"; };
		BB574CC72579141000945580 /* Info.plist */ = {isa = PBXFileReference; lastKnownFileType = text.plist.xml; path = Info.plist; sourceTree = "<group>"; };
		BB574CD62579162F00945580 /* TableCell.swift */ = {isa = PBXFileReference; lastKnownFileType = sourcecode.swift; path = TableCell.swift; sourceTree = "<group>"; };
/* End PBXFileReference section */

/* Begin PBXFrameworksBuildPhase section */
		BB574C9D2579140F00945580 /* Frameworks */ = {
			isa = PBXFrameworksBuildPhase;
			buildActionMask = 2147483647;
			files = (
			);
			runOnlyForDeploymentPostprocessing = 0;
		};
		BB574CB32579141000945580 /* Frameworks */ = {
			isa = PBXFrameworksBuildPhase;
			buildActionMask = 2147483647;
			files = (
			);
			runOnlyForDeploymentPostprocessing = 0;
		};
		BB574CBE2579141000945580 /* Frameworks */ = {
			isa = PBXFrameworksBuildPhase;
			buildActionMask = 2147483647;
			files = (
			);
			runOnlyForDeploymentPostprocessing = 0;
		};
/* End PBXFrameworksBuildPhase section */

/* Begin PBXGroup section */
		BB574C972579140F00945580 = {
			isa = PBXGroup;
			children = (
				BB574CA22579140F00945580 /* TableView */,
				BB574CB92579141000945580 /* TableViewTests */,
				BB574CC42579141000945580 /* TableViewUITests */,
				BB574CA12579140F00945580 /* Products */,
			);
			sourceTree = "<group>";
		};
		BB574CA12579140F00945580 /* Products */ = {
			isa = PBXGroup;
			children = (
				BB574CA02579140F00945580 /* TableView.app */,
				BB574CB62579141000945580 /* TableViewTests.xctest */,
				BB574CC12579141000945580 /* TableViewUITests.xctest */,
			);
			name = Products;
			sourceTree = "<group>";
		};
		BB574CA22579140F00945580 /* TableView */ = {
			isa = PBXGroup;
			children = (
				BB574CA32579140F00945580 /* AppDelegate.swift */,
				BB574CA52579140F00945580 /* SceneDelegate.swift */,
				BB574CA72579140F00945580 /* ViewController.swift */,
				BB574CD62579162F00945580 /* TableCell.swift */,
				BB574CA92579140F00945580 /* Main.storyboard */,
				BB574CAC2579141000945580 /* Assets.xcassets */,
				BB574CAE2579141000945580 /* LaunchScreen.storyboard */,
				BB574CB12579141000945580 /* Info.plist */,
			);
			path = TableView;
			sourceTree = "<group>";
		};
		BB574CB92579141000945580 /* TableViewTests */ = {
			isa = PBXGroup;
			children = (
				BB574CBA2579141000945580 /* TableViewTests.swift */,
				BB574CBC2579141000945580 /* Info.plist */,
			);
			path = TableViewTests;
			sourceTree = "<group>";
		};
		BB574CC42579141000945580 /* TableViewUITests */ = {
			isa = PBXGroup;
			children = (
				BB574CC52579141000945580 /* TableViewUITests.swift */,
				BB574CC72579141000945580 /* Info.plist */,
			);
			path = TableViewUITests;
			sourceTree = "<group>";
		};
/* End PBXGroup section */

/* Begin PBXNativeTarget section */
		BB574C9F2579140F00945580 /* TableView */ = {
			isa = PBXNativeTarget;
			buildConfigurationList = BB574CCA2579141000945580 /* Build configuration list for PBXNativeTarget "TableView" */;
			buildPhases = (
				BB574C9C2579140F00945580 /* Sources */,
				BB574C9D2579140F00945580 /* Frameworks */,
				BB574C9E2579140F00945580 /* Resources */,
			);
			buildRules = (
			);
			dependencies = (
			);
			name = TableView;
			productName = TableView;
			productReference = BB574CA02579140F00945580 /* TableView.app */;
			productType = "com.apple.product-type.application";
		};
		BB574CB52579141000945580 /* TableViewTests */ = {
			isa = PBXNativeTarget;
			buildConfigurationList = BB574CCD2579141000945580 /* Build configuration list for PBXNativeTarget "TableViewTests" */;
			buildPhases = (
				BB574CB22579141000945580 /* Sources */,
				BB574CB32579141000945580 /* Frameworks */,
				BB574CB42579141000945580 /* Resources */,
			);
			buildRules = (
			);
			dependencies = (
				BB574CB82579141000945580 /* PBXTargetDependency */,
			);
			name = TableViewTests;
			productName = TableViewTests;
			productReference = BB574CB62579141000945580 /* TableViewTests.xctest */;
			productType = "com.apple.product-type.bundle.unit-test";
		};
		BB574CC02579141000945580 /* TableViewUITests */ = {
			isa = PBXNativeTarget;
			buildConfigurationList = BB574CD02579141000945580 /* Build configuration list for PBXNativeTarget "TableViewUITests" */;
			buildPhases = (
				BB574CBD2579141000945580 /* Sources */,
				BB574CBE2579141000945580 /* Frameworks */,
				BB574CBF2579141000945580 /* Resources */,
			);
			buildRules = (
			);
			dependencies = (
				BB574CC32579141000945580 /* PBXTargetDependency */,
			);
			name = TableViewUITests;
			productName = TableViewUITests;
			productReference = BB574CC12579141000945580 /* TableViewUITests.xctest */;
			productType = "com.apple.product-type.bundle.ui-testing";
		};
/* End PBXNativeTarget section */

/* Begin PBXProject section */
		BB574C982579140F00945580 /* Project object */ = {
			isa = PBXProject;
			attributes = {
				LastSwiftUpdateCheck = 1220;
				LastUpgradeCheck = 1220;
				TargetAttributes = {
					BB574C9F2579140F00945580 = {
						CreatedOnToolsVersion = 12.2;
					};
					BB574CB52579141000945580 = {
						CreatedOnToolsVersion = 12.2;
						TestTargetID = BB574C9F2579140F00945580;
					};
					BB574CC02579141000945580 = {
						CreatedOnToolsVersion = 12.2;
						TestTargetID = BB574C9F2579140F00945580;
					};
				};
			};
			buildConfigurationList = BB574C9B2579140F00945580 /* Build configuration list for PBXProject "TableView" */;
			compatibilityVersion = "Xcode 9.3";
			developmentRegion = en;
			hasScannedForEncodings = 0;
			knownRegions = (
				en,
				Base,
			);
			mainGroup = BB574C972579140F00945580;
			productRefGroup = BB574CA12579140F00945580 /* Products */;
			projectDirPath = "";
			projectRoot = "";
			targets = (
				BB574C9F2579140F00945580 /* TableView */,
				BB574CB52579141000945580 /* TableViewTests */,
				BB574CC02579141000945580 /* TableViewUITests */,
			);
		};
/* End PBXProject section */

/* Begin PBXResourcesBuildPhase section */
		BB574C9E2579140F00945580 /* Resources */ = {
			isa = PBXResourcesBuildPhase;
			buildActionMask = 2147483647;
			files = (
				BB574CB02579141000945580 /* LaunchScreen.storyboard in Resources */,
				BB574CAD2579141000945580 /* Assets.xcassets in Resources */,
				BB574CAB2579140F00945580 /* Main.storyboard in Resources */,
			);
			runOnlyForDeploymentPostprocessing = 0;
		};
		BB574CB42579141000945580 /* Resources */ = {
			isa = PBXResourcesBuildPhase;
			buildActionMask = 2147483647;
			files = (
			);
			runOnlyForDeploymentPostprocessing = 0;
		};
		BB574CBF2579141000945580 /* Resources */ = {
			isa = PBXResourcesBuildPhase;
			buildActionMask = 2147483647;
			files = (
			);
			runOnlyForDeploymentPostprocessing = 0;
		};
/* End PBXResourcesBuildPhase section */

/* Begin PBXSourcesBuildPhase section */
		BB574C9C2579140F00945580 /* Sources */ = {
			isa = PBXSourcesBuildPhase;
			buildActionMask = 2147483647;
			files = (
				BB574CA82579140F00945580 /* ViewController.swift in Sources */,
				BB574CA42579140F00945580 /* AppDelegate.swift in Sources */,
				BB574CD72579162F00945580 /* TableCell.swift in Sources */,
				BB574CA62579140F00945580 /* SceneDelegate.swift in Sources */,
			);
			runOnlyForDeploymentPostprocessing = 0;
		};
		BB574CB22579141000945580 /* Sources */ = {
			isa = PBXSourcesBuildPhase;
			buildActionMask = 2147483647;
			files = (
				BB574CBB2579141000945580 /* TableViewTests.swift in Sources */,
			);
			runOnlyForDeploymentPostprocessing = 0;
		};
		BB574CBD2579141000945580 /* Sources */ = {
			isa = PBXSourcesBuildPhase;
			buildActionMask = 2147483647;
			files = (
				BB574CC62579141000945580 /* TableViewUITests.swift in Sources */,
			);
			runOnlyForDeploymentPostprocessing = 0;
		};
/* End PBXSourcesBuildPhase section */

/* Begin PBXTargetDependency section */
		BB574CB82579141000945580 /* PBXTargetDependency */ = {
			isa = PBXTargetDependency;
			target = BB574C9F2579140F00945580 /* TableView */;
			targetProxy = BB574CB72579141000945580 /* PBXContainerItemProxy */;
		};
		BB574CC32579141000945580 /* PBXTargetDependency */ = {
			isa = PBXTargetDependency;
			target = BB574C9F2579140F00945580 /* TableView */;
			targetProxy = BB574CC22579141000945580 /* PBXContainerItemProxy */;
		};
/* End PBXTargetDependency section */

/* Begin PBXVariantGroup section */
		BB574CA92579140F00945580 /* Main.storyboard */ = {
			isa = PBXVariantGroup;
			children = (
				BB574CAA2579140F00945580 /* Base */,
			);
			name = Main.storyboard;
			sourceTree = "<group>";
		};
		BB574CAE2579141000945580 /* LaunchScreen.storyboard */ = {
			isa = PBXVariantGroup;
			children = (
				BB574CAF2579141000945580 /* Base */,
			);
			name = LaunchScreen.storyboard;
			sourceTree = "<group>";
		};
/* End PBXVariantGroup section */

/* Begin XCBuildConfiguration section */
		BB574CC82579141000945580 /* Debug */ = {
			isa = XCBuildConfiguration;
			buildSettings = {
				ALWAYS_SEARCH_USER_PATHS = NO;
				CLANG_ANALYZER_NONNULL = YES;
				CLANG_ANALYZER_NUMBER_OBJECT_CONVERSION = YES_AGGRESSIVE;
				CLANG_CXX_LANGUAGE_STANDARD = "gnu++14";
				CLANG_CXX_LIBRARY = "libc++";
				CLANG_ENABLE_MODULES = YES;
				CLANG_ENABLE_OBJC_ARC = YES;
				CLANG_ENABLE_OBJC_WEAK = YES;
				CLANG_WARN_BLOCK_CAPTURE_AUTORELEASING = YES;
				CLANG_WARN_BOOL_CONVERSION = YES;
				CLANG_WARN_COMMA = YES;
				CLANG_WARN_CONSTANT_CONVERSION = YES;
				CLANG_WARN_DEPRECATED_OBJC_IMPLEMENTATIONS = YES;
				CLANG_WARN_DIRECT_OBJC_ISA_USAGE = YES_ERROR;
				CLANG_WARN_DOCUMENTATION_COMMENTS = YES;
				CLANG_WARN_EMPTY_BODY = YES;
				CLANG_WARN_ENUM_CONVERSION = YES;
				CLANG_WARN_INFINITE_RECURSION = YES;
				CLANG_WARN_INT_CONVERSION = YES;
				CLANG_WARN_NON_LITERAL_NULL_CONVERSION = YES;
				CLANG_WARN_OBJC_IMPLICIT_RETAIN_SELF = YES;
				CLANG_WARN_OBJC_LITERAL_CONVERSION = YES;
				CLANG_WARN_OBJC_ROOT_CLASS = YES_ERROR;
				CLANG_WARN_QUOTED_INCLUDE_IN_FRAMEWORK_HEADER = YES;
				CLANG_WARN_RANGE_LOOP_ANALYSIS = YES;
				CLANG_WARN_STRICT_PROTOTYPES = YES;
				CLANG_WARN_SUSPICIOUS_MOVE = YES;
				CLANG_WARN_UNGUARDED_AVAILABILITY = YES_AGGRESSIVE;
				CLANG_WARN_UNREACHABLE_CODE = YES;
				CLANG_WARN__DUPLICATE_METHOD_MATCH = YES;
				COPY_PHASE_STRIP = NO;
				DEBUG_INFORMATION_FORMAT = dwarf;
				ENABLE_STRICT_OBJC_MSGSEND = YES;
				ENABLE_TESTABILITY = YES;
				GCC_C_LANGUAGE_STANDARD = gnu11;
				GCC_DYNAMIC_NO_PIC = NO;
				GCC_NO_COMMON_BLOCKS = YES;
				GCC_OPTIMIZATION_LEVEL = 0;
				GCC_PREPROCESSOR_DEFINITIONS = (
					"DEBUG=1",
					"$(inherited)",
				);
				GCC_WARN_64_TO_32_BIT_CONVERSION = YES;
				GCC_WARN_ABOUT_RETURN_TYPE = YES_ERROR;
				GCC_WARN_UNDECLARED_SELECTOR = YES;
				GCC_WARN_UNINITIALIZED_AUTOS = YES_AGGRESSIVE;
				GCC_WARN_UNUSED_FUNCTION = YES;
				GCC_WARN_UNUSED_VARIABLE = YES;
				IPHONEOS_DEPLOYMENT_TARGET = 14.2;
				MTL_ENABLE_DEBUG_INFO = INCLUDE_SOURCE;
				MTL_FAST_MATH = YES;
				ONLY_ACTIVE_ARCH = YES;
				SDKROOT = iphoneos;
				SWIFT_ACTIVE_COMPILATION_CONDITIONS = DEBUG;
				SWIFT_OPTIMIZATION_LEVEL = "-Onone";
			};
			name = Debug;
		};
		BB574CC92579141000945580 /* Release */ = {
			isa = XCBuildConfiguration;
			buildSettings = {
				ALWAYS_SEARCH_USER_PATHS = NO;
				CLANG_ANALYZER_NONNULL = YES;
				CLANG_ANALYZER_NUMBER_OBJECT_CONVERSION = YES_AGGRESSIVE;
				CLANG_CXX_LANGUAGE_STANDARD = "gnu++14";
				CLANG_CXX_LIBRARY = "libc++";
				CLANG_ENABLE_MODULES = YES;
				CLANG_ENABLE_OBJC_ARC = YES;
				CLANG_ENABLE_OBJC_WEAK = YES;
				CLANG_WARN_BLOCK_CAPTURE_AUTORELEASING = YES;
				CLANG_WARN_BOOL_CONVERSION = YES;
				CLANG_WARN_COMMA = YES;
				CLANG_WARN_CONSTANT_CONVERSION = YES;
				CLANG_WARN_DEPRECATED_OBJC_IMPLEMENTATIONS = YES;
				CLANG_WARN_DIRECT_OBJC_ISA_USAGE = YES_ERROR;
				CLANG_WARN_DOCUMENTATION_COMMENTS = YES;
				CLANG_WARN_EMPTY_BODY = YES;
				CLANG_WARN_ENUM_CONVERSION = YES;
				CLANG_WARN_INFINITE_RECURSION = YES;
				CLANG_WARN_INT_CONVERSION = YES;
				CLANG_WARN_NON_LITERAL_NULL_CONVERSION = YES;
				CLANG_WARN_OBJC_IMPLICIT_RETAIN_SELF = YES;
				CLANG_WARN_OBJC_LITERAL_CONVERSION = YES;
				CLANG_WARN_OBJC_ROOT_CLASS = YES_ERROR;
				CLANG_WARN_QUOTED_INCLUDE_IN_FRAMEWORK_HEADER = YES;
				CLANG_WARN_RANGE_LOOP_ANALYSIS = YES;
				CLANG_WARN_STRICT_PROTOTYPES = YES;
				CLANG_WARN_SUSPICIOUS_MOVE = YES;
				CLANG_WARN_UNGUARDED_AVAILABILITY = YES_AGGRESSIVE;
				CLANG_WARN_UNREACHABLE_CODE = YES;
				CLANG_WARN__DUPLICATE_METHOD_MATCH = YES;
				COPY_PHASE_STRIP = NO;
				DEBUG_INFORMATION_FORMAT = "dwarf-with-dsym";
				ENABLE_NS_ASSERTIONS = NO;
				ENABLE_STRICT_OBJC_MSGSEND = YES;
				GCC_C_LANGUAGE_STANDARD = gnu11;
				GCC_NO_COMMON_BLOCKS = YES;
				GCC_WARN_64_TO_32_BIT_CONVERSION = YES;
				GCC_WARN_ABOUT_RETURN_TYPE = YES_ERROR;
				GCC_WARN_UNDECLARED_SELECTOR = YES;
				GCC_WARN_UNINITIALIZED_AUTOS = YES_AGGRESSIVE;
				GCC_WARN_UNUSED_FUNCTION = YES;
				GCC_WARN_UNUSED_VARIABLE = YES;
				IPHONEOS_DEPLOYMENT_TARGET = 14.2;
				MTL_ENABLE_DEBUG_INFO = NO;
				MTL_FAST_MATH = YES;
				SDKROOT = iphoneos;
				SWIFT_COMPILATION_MODE = wholemodule;
				SWIFT_OPTIMIZATION_LEVEL = "-O";
				VALIDATE_PRODUCT = YES;
			};
			name = Release;
		};
		BB574CCB2579141000945580 /* Debug */ = {
			isa = XCBuildConfiguration;
			buildSettings = {
				ASSETCATALOG_COMPILER_APPICON_NAME = AppIcon;
				ASSETCATALOG_COMPILER_GLOBAL_ACCENT_COLOR_NAME = AccentColor;
				CODE_SIGN_STYLE = Automatic;
				DEVELOPMENT_TEAM = B3ZKJZUE9E;
				INFOPLIST_FILE = TableView/Info.plist;
				LD_RUNPATH_SEARCH_PATHS = (
					"$(inherited)",
					"@executable_path/Frameworks",
				);
				PRODUCT_BUNDLE_IDENTIFIER = dbank0208.TableView;
				PRODUCT_NAME = "$(TARGET_NAME)";
				SWIFT_VERSION = 5.0;
				TARGETED_DEVICE_FAMILY = "1,2";
			};
			name = Debug;
		};
		BB574CCC2579141000945580 /* Release */ = {
			isa = XCBuildConfiguration;
			buildSettings = {
				ASSETCATALOG_COMPILER_APPICON_NAME = AppIcon;
				ASSETCATALOG_COMPILER_GLOBAL_ACCENT_COLOR_NAME = AccentColor;
				CODE_SIGN_STYLE = Automatic;
				DEVELOPMENT_TEAM = B3ZKJZUE9E;
				INFOPLIST_FILE = TableView/Info.plist;
				LD_RUNPATH_SEARCH_PATHS = (
					"$(inherited)",
					"@executable_path/Frameworks",
				);
				PRODUCT_BUNDLE_IDENTIFIER = dbank0208.TableView;
				PRODUCT_NAME = "$(TARGET_NAME)";
				SWIFT_VERSION = 5.0;
				TARGETED_DEVICE_FAMILY = "1,2";
			};
			name = Release;
		};
		BB574CCE2579141000945580 /* Debug */ = {
			isa = XCBuildConfiguration;
			buildSettings = {
				ALWAYS_EMBED_SWIFT_STANDARD_LIBRARIES = YES;
				BUNDLE_LOADER = "$(TEST_HOST)";
				CODE_SIGN_STYLE = Automatic;
				DEVELOPMENT_TEAM = B3ZKJZUE9E;
				INFOPLIST_FILE = TableViewTests/Info.plist;
				IPHONEOS_DEPLOYMENT_TARGET = 14.2;
				LD_RUNPATH_SEARCH_PATHS = (
					"$(inherited)",
					"@executable_path/Frameworks",
					"@loader_path/Frameworks",
				);
				PRODUCT_BUNDLE_IDENTIFIER = dbank0208.TableViewTests;
				PRODUCT_NAME = "$(TARGET_NAME)";
				SWIFT_VERSION = 5.0;
				TARGETED_DEVICE_FAMILY = "1,2";
				TEST_HOST = "$(BUILT_PRODUCTS_DIR)/TableView.app/TableView";
			};
			name = Debug;
		};
		BB574CCF2579141000945580 /* Release */ = {
			isa = XCBuildConfiguration;
			buildSettings = {
				ALWAYS_EMBED_SWIFT_STANDARD_LIBRARIES = YES;
				BUNDLE_LOADER = "$(TEST_HOST)";
				CODE_SIGN_STYLE = Automatic;
				DEVELOPMENT_TEAM = B3ZKJZUE9E;
				INFOPLIST_FILE = TableViewTests/Info.plist;
				IPHONEOS_DEPLOYMENT_TARGET = 14.2;
				LD_RUNPATH_SEARCH_PATHS = (
					"$(inherited)",
					"@executable_path/Frameworks",
					"@loader_path/Frameworks",
				);
				PRODUCT_BUNDLE_IDENTIFIER = dbank0208.TableViewTests;
				PRODUCT_NAME = "$(TARGET_NAME)";
				SWIFT_VERSION = 5.0;
				TARGETED_DEVICE_FAMILY = "1,2";
				TEST_HOST = "$(BUILT_PRODUCTS_DIR)/TableView.app/TableView";
			};
			name = Release;
		};
		BB574CD12579141000945580 /* Debug */ = {
			isa = XCBuildConfiguration;
			buildSettings = {
				ALWAYS_EMBED_SWIFT_STANDARD_LIBRARIES = YES;
				CODE_SIGN_STYLE = Automatic;
				DEVELOPMENT_TEAM = B3ZKJZUE9E;
				INFOPLIST_FILE = TableViewUITests/Info.plist;
				LD_RUNPATH_SEARCH_PATHS = (
					"$(inherited)",
					"@executable_path/Frameworks",
					"@loader_path/Frameworks",
				);
				PRODUCT_BUNDLE_IDENTIFIER = dbank0208.TableViewUITests;
				PRODUCT_NAME = "$(TARGET_NAME)";
				SWIFT_VERSION = 5.0;
				TARGETED_DEVICE_FAMILY = "1,2";
				TEST_TARGET_NAME = TableView;
			};
			name = Debug;
		};
		BB574CD22579141000945580 /* Release */ = {
			isa = XCBuildConfiguration;
			buildSettings = {
				ALWAYS_EMBED_SWIFT_STANDARD_LIBRARIES = YES;
				CODE_SIGN_STYLE = Automatic;
				DEVELOPMENT_TEAM = B3ZKJZUE9E;
				INFOPLIST_FILE = TableViewUITests/Info.plist;
				LD_RUNPATH_SEARCH_PATHS = (
					"$(inherited)",
					"@executable_path/Frameworks",
					"@loader_path/Frameworks",
				);
				PRODUCT_BUNDLE_IDENTIFIER = dbank0208.TableViewUITests;
				PRODUCT_NAME = "$(TARGET_NAME)";
				SWIFT_VERSION = 5.0;
				TARGETED_DEVICE_FAMILY = "1,2";
				TEST_TARGET_NAME = TableView;
			};
			name = Release;
		};
/* End XCBuildConfiguration section */

/* Begin XCConfigurationList section */
		BB574C9B2579140F00945580 /* Build configuration list for PBXProject "TableView" */ = {
			isa = XCConfigurationList;
			buildConfigurations = (
				BB574CC82579141000945580 /* Debug */,
				BB574CC92579141000945580 /* Release */,
			);
			defaultConfigurationIsVisible = 0;
			defaultConfigurationName = Release;
		};
		BB574CCA2579141000945580 /* Build configuration list for PBXNativeTarget "TableView" */ = {
			isa = XCConfigurationList;
			buildConfigurations = (
				BB574CCB2579141000945580 /* Debug */,
				BB574CCC2579141000945580 /* Release */,
			);
			defaultConfigurationIsVisible = 0;
			defaultConfigurationName = Release;
		};
		BB574CCD2579141000945580 /* Build configuration list for PBXNativeTarget "TableViewTests" */ = {
			isa = XCConfigurationList;
			buildConfigurations = (
				BB574CCE2579141000945580 /* Debug */,
				BB574CCF2579141000945580 /* Release */,
			);
			defaultConfigurationIsVisible = 0;
			defaultConfigurationName = Release;
		};
		BB574CD02579141000945580 /* Build configuration list for PBXNativeTarget "TableViewUITests" */ = {
			isa = XCConfigurationList;
			buildConfigurations = (
				BB574CD12579141000945580 /* Debug */,
				BB574CD22579141000945580 /* Release */,
			);
			defaultConfigurationIsVisible = 0;
			defaultConfigurationName = Release;
		};
/* End XCConfigurationList section */
	};
	rootObject = BB574C982579140F00945580 /* Project object */;
}
